// !$*UTF8*$!
{
	archiveVersion = 1;
	classes = {
	};
	objectVersion = 46;
	objects = {

/* Begin PBXBuildFile section */
		C26C2A201C9BECCB005E6145 /* hehda.xib in Resources */ = {isa = PBXBuildFile; fileRef = C26C2A1F1C9BECCB005E6145 /* hehda.xib */; settings = {ASSET_TAGS = (); }; };
		C27A5B0D1C99972300041C75 /* main.m in Sources */ = {isa = PBXBuildFile; fileRef = C27A5B0C1C99972300041C75 /* main.m */; };
		C27A5B101C99972300041C75 /* AppDelegate.m in Sources */ = {isa = PBXBuildFile; fileRef = C27A5B0F1C99972300041C75 /* AppDelegate.m */; };
		C27A5B131C99972300041C75 /* ViewController.m in Sources */ = {isa = PBXBuildFile; fileRef = C27A5B121C99972300041C75 /* ViewController.m */; };
		C27A5B161C99972300041C75 /* Main.storyboard in Resources */ = {isa = PBXBuildFile; fileRef = C27A5B141C99972300041C75 /* Main.storyboard */; };
		C27A5B181C99972300041C75 /* Assets.xcassets in Resources */ = {isa = PBXBuildFile; fileRef = C27A5B171C99972300041C75 /* Assets.xcassets */; };
		C27A5B1B1C99972300041C75 /* LaunchScreen.storyboard in Resources */ = {isa = PBXBuildFile; fileRef = C27A5B191C99972300041C75 /* LaunchScreen.storyboard */; };
		C27A5B261C99972300041C75 /* __hhTests.m in Sources */ = {isa = PBXBuildFile; fileRef = C27A5B251C99972300041C75 /* __hhTests.m */; };
		C27A5B311C99972300041C75 /* __hhUITests.m in Sources */ = {isa = PBXBuildFile; fileRef = C27A5B301C99972300041C75 /* __hhUITests.m */; };
		C2C170F91CAFA20C00663AFB /* fankai.storyboard in Resources */ = {isa = PBXBuildFile; fileRef = C2C170F81CAFA20C00663AFB /* fankai.storyboard */; settings = {ASSET_TAGS = (); }; };
/* End PBXBuildFile section */

/* Begin PBXContainerItemProxy section */
		C27A5B221C99972300041C75 /* PBXContainerItemProxy */ = {
			isa = PBXContainerItemProxy;
			containerPortal = C27A5B001C99972300041C75 /* Project object */;
			proxyType = 1;
			remoteGlobalIDString = C27A5B071C99972300041C75;
			remoteInfo = "练习hh";
		};
		C27A5B2D1C99972300041C75 /* PBXContainerItemProxy */ = {
			isa = PBXContainerItemProxy;
			containerPortal = C27A5B001C99972300041C75 /* Project object */;
			proxyType = 1;
			remoteGlobalIDString = C27A5B071C99972300041C75;
			remoteInfo = "练习hh";
		};
/* End PBXContainerItemProxy section */

/* Begin PBXFileReference section */
		C26C2A1F1C9BECCB005E6145 /* hehda.xib */ = {isa = PBXFileReference; fileEncoding = 4; lastKnownFileType = file.xib; path = hehda.xib; sourceTree = "<group>"; };
		C27A5B081C99972300041C75 /* 练习hh.app */ = {isa = PBXFileReference; explicitFileType = wrapper.application; includeInIndex = 0; path = "练习hh.app"; sourceTree = BUILT_PRODUCTS_DIR; };
		C27A5B0C1C99972300041C75 /* main.m */ = {isa = PBXFileReference; lastKnownFileType = sourcecode.c.objc; path = main.m; sourceTree = "<group>"; };
		C27A5B0E1C99972300041C75 /* AppDelegate.h */ = {isa = PBXFileReference; lastKnownFileType = sourcecode.c.h; path = AppDelegate.h; sourceTree = "<group>"; };
		C27A5B0F1C99972300041C75 /* AppDelegate.m */ = {isa = PBXFileReference; lastKnownFileType = sourcecode.c.objc; path = AppDelegate.m; sourceTree = "<group>"; };
		C27A5B111C99972300041C75 /* ViewController.h */ = {isa = PBXFileReference; lastKnownFileType = sourcecode.c.h; path = ViewController.h; sourceTree = "<group>"; };
		C27A5B121C99972300041C75 /* ViewController.m */ = {isa = PBXFileReference; lastKnownFileType = sourcecode.c.objc; path = ViewController.m; sourceTree = "<group>"; };
		C27A5B151C99972300041C75 /* Base */ = {isa = PBXFileReference; lastKnownFileType = file.storyboard; name = Base; path = Base.lproj/Main.storyboard; sourceTree = "<group>"; };
		C27A5B171C99972300041C75 /* Assets.xcassets */ = {isa = PBXFileReference; lastKnownFileType = folder.assetcatalog; path = Assets.xcassets; sourceTree = "<group>"; };
		C27A5B1A1C99972300041C75 /* Base */ = {isa = PBXFileReference; lastKnownFileType = file.storyboard; name = Base; path = Base.lproj/LaunchScreen.storyboard; sourceTree = "<group>"; };
		C27A5B1C1C99972300041C75 /* Info.plist */ = {isa = PBXFileReference; lastKnownFileType = text.plist.xml; path = Info.plist; sourceTree = "<group>"; };
		C27A5B211C99972300041C75 /* 练习hhTests.xctest */ = {isa = PBXFileReference; explicitFileType = wrapper.cfbundle; includeInIndex = 0; path = "练习hhTests.xctest"; sourceTree = BUILT_PRODUCTS_DIR; };
		C27A5B251C99972300041C75 /* __hhTests.m */ = {isa = PBXFileReference; lastKnownFileType = sourcecode.c.objc; path = __hhTests.m; sourceTree = "<group>"; };
		C27A5B271C99972300041C75 /* Info.plist */ = {isa = PBXFileReference; lastKnownFileType = text.plist.xml; path = Info.plist; sourceTree = "<group>"; };
		C27A5B2C1C99972300041C75 /* 练习hhUITests.xctest */ = {isa = PBXFileReference; explicitFileType = wrapper.cfbundle; includeInIndex = 0; path = "练习hhUITests.xctest"; sourceTree = BUILT_PRODUCTS_DIR; };
		C27A5B301C99972300041C75 /* __hhUITests.m */ = {isa = PBXFileReference; lastKnownFileType = sourcecode.c.objc; path = __hhUITests.m; sourceTree = "<group>"; };
		C27A5B321C99972300041C75 /* Info.plist */ = {isa = PBXFileReference; lastKnownFileType = text.plist.xml; path = Info.plist; sourceTree = "<group>"; };
		C2C170F81CAFA20C00663AFB /* fankai.storyboard */ = {isa = PBXFileReference; fileEncoding = 4; lastKnownFileType = file.storyboard; path = fankai.storyboard; sourceTree = "<group>"; };
/* End PBXFileReference section */

/* Begin PBXFrameworksBuildPhase section */
		C27A5B051C99972300041C75 /* Frameworks */ = {
			isa = PBXFrameworksBuildPhase;
			buildActionMask = 2147483647;
			files = (
			);
			runOnlyForDeploymentPostprocessing = 0;
		};
		C27A5B1E1C99972300041C75 /* Frameworks */ = {
			isa = PBXFrameworksBuildPhase;
			buildActionMask = 2147483647;
			files = (
			);
			runOnlyForDeploymentPostprocessing = 0;
		};
		C27A5B291C99972300041C75 /* Frameworks */ = {
			isa = PBXFrameworksBuildPhase;
			buildActionMask = 2147483647;
			files = (
			);
			runOnlyForDeploymentPostprocessing = 0;
		};
/* End PBXFrameworksBuildPhase section */

/* Begin PBXGroup section */
		C27A5AFF1C99972300041C75 = {
			isa = PBXGroup;
			children = (
				C27A5B0A1C99972300041C75 /* 练习hh */,
				C27A5B241C99972300041C75 /* 练习hhTests */,
				C27A5B2F1C99972300041C75 /* 练习hhUITests */,
				C27A5B091C99972300041C75 /* Products */,
			);
			sourceTree = "<group>";
		};
		C27A5B091C99972300041C75 /* Products */ = {
			isa = PBXGroup;
			children = (
				C27A5B081C99972300041C75 /* 练习hh.app */,
				C27A5B211C99972300041C75 /* 练习hhTests.xctest */,
				C27A5B2C1C99972300041C75 /* 练习hhUITests.xctest */,
			);
			name = Products;
			sourceTree = "<group>";
		};
		C27A5B0A1C99972300041C75 /* 练习hh */ = {
			isa = PBXGroup;
			children = (
				C27A5B0E1C99972300041C75 /* AppDelegate.h */,
				C27A5B0F1C99972300041C75 /* AppDelegate.m */,
				C27A5B111C99972300041C75 /* ViewController.h */,
				C27A5B121C99972300041C75 /* ViewController.m */,
				C27A5B141C99972300041C75 /* Main.storyboard */,
				C2C170F81CAFA20C00663AFB /* fankai.storyboard */,
				C26C2A1F1C9BECCB005E6145 /* hehda.xib */,
				C27A5B171C99972300041C75 /* Assets.xcassets */,
				C27A5B191C99972300041C75 /* LaunchScreen.storyboard */,
				C27A5B1C1C99972300041C75 /* Info.plist */,
				C27A5B0B1C99972300041C75 /* Supporting Files */,
			);
			path = "练习hh";
			sourceTree = "<group>";
		};
		C27A5B0B1C99972300041C75 /* Supporting Files */ = {
			isa = PBXGroup;
			children = (
				C27A5B0C1C99972300041C75 /* main.m */,
			);
			name = "Supporting Files";
			sourceTree = "<group>";
		};
		C27A5B241C99972300041C75 /* 练习hhTests */ = {
			isa = PBXGroup;
			children = (
				C27A5B251C99972300041C75 /* __hhTests.m */,
				C27A5B271C99972300041C75 /* Info.plist */,
			);
			path = "练习hhTests";
			sourceTree = "<group>";
		};
		C27A5B2F1C99972300041C75 /* 练习hhUITests */ = {
			isa = PBXGroup;
			children = (
				C27A5B301C99972300041C75 /* __hhUITests.m */,
				C27A5B321C99972300041C75 /* Info.plist */,
			);
			path = "练习hhUITests";
			sourceTree = "<group>";
		};
/* End PBXGroup section */

/* Begin PBXNativeTarget section */
		C27A5B071C99972300041C75 /* 练习hh */ = {
			isa = PBXNativeTarget;
			buildConfigurationList = C27A5B351C99972300041C75 /* Build configuration list for PBXNativeTarget "练习hh" */;
			buildPhases = (
				C27A5B041C99972300041C75 /* Sources */,
				C27A5B051C99972300041C75 /* Frameworks */,
				C27A5B061C99972300041C75 /* Resources */,
			);
			buildRules = (
			);
			dependencies = (
			);
			name = "练习hh";
			productName = "练习hh";
			productReference = C27A5B081C99972300041C75 /* 练习hh.app */;
			productType = "com.apple.product-type.application";
		};
		C27A5B201C99972300041C75 /* 练习hhTests */ = {
			isa = PBXNativeTarget;
			buildConfigurationList = C27A5B381C99972300041C75 /* Build configuration list for PBXNativeTarget "练习hhTests" */;
			buildPhases = (
				C27A5B1D1C99972300041C75 /* Sources */,
				C27A5B1E1C99972300041C75 /* Frameworks */,
				C27A5B1F1C99972300041C75 /* Resources */,
			);
			buildRules = (
			);
			dependencies = (
				C27A5B231C99972300041C75 /* PBXTargetDependency */,
			);
			name = "练习hhTests";
			productName = "练习hhTests";
			productReference = C27A5B211C99972300041C75 /* 练习hhTests.xctest */;
			productType = "com.apple.product-type.bundle.unit-test";
		};
		C27A5B2B1C99972300041C75 /* 练习hhUITests */ = {
			isa = PBXNativeTarget;
			buildConfigurationList = C27A5B3B1C99972300041C75 /* Build configuration list for PBXNativeTarget "练习hhUITests" */;
			buildPhases = (
				C27A5B281C99972300041C75 /* Sources */,
				C27A5B291C99972300041C75 /* Frameworks */,
				C27A5B2A1C99972300041C75 /* Resources */,
			);
			buildRules = (
			);
			dependencies = (
				C27A5B2E1C99972300041C75 /* PBXTargetDependency */,
			);
			name = "练习hhUITests";
			productName = "练习hhUITests";
			productReference = C27A5B2C1C99972300041C75 /* 练习hhUITests.xctest */;
			productType = "com.apple.product-type.bundle.ui-testing";
		};
/* End PBXNativeTarget section */

/* Begin PBXProject section */
		C27A5B001C99972300041C75 /* Project object */ = {
			isa = PBXProject;
			attributes = {
				LastUpgradeCheck = 0700;
				ORGANIZATIONNAME = fk;
				TargetAttributes = {
					C27A5B071C99972300041C75 = {
						CreatedOnToolsVersion = 7.0;
					};
					C27A5B201C99972300041C75 = {
						CreatedOnToolsVersion = 7.0;
						TestTargetID = C27A5B071C99972300041C75;
					};
					C27A5B2B1C99972300041C75 = {
						CreatedOnToolsVersion = 7.0;
						TestTargetID = C27A5B071C99972300041C75;
					};
				};
			};
			buildConfigurationList = C27A5B031C99972300041C75 /* Build configuration list for PBXProject "练习hh" */;
			compatibilityVersion = "Xcode 3.2";
			developmentRegion = English;
			hasScannedForEncodings = 0;
			knownRegions = (
				en,
				Base,
			);
			mainGroup = C27A5AFF1C99972300041C75;
			productRefGroup = C27A5B091C99972300041C75 /* Products */;
			projectDirPath = "";
			projectRoot = "";
			targets = (
				C27A5B071C99972300041C75 /* 练习hh */,
				C27A5B201C99972300041C75 /* 练习hhTests */,
				C27A5B2B1C99972300041C75 /* 练习hhUITests */,
			);
		};
/* End PBXProject section */

/* Begin PBXResourcesBuildPhase section */
		C27A5B061C99972300041C75 /* Resources */ = {
			isa = PBXResourcesBuildPhase;
			buildActionMask = 2147483647;
			files = (
				C26C2A201C9BECCB005E6145 /* hehda.xib in Resources */,
				C2C170F91CAFA20C00663AFB /* fankai.storyboard in Resources */,
				C27A5B1B1C99972300041C75 /* LaunchScreen.storyboard in Resources */,
				C27A5B181C99972300041C75 /* Assets.xcassets in Resources */,
				C27A5B161C99972300041C75 /* Main.storyboard in Resources */,
			);
			runOnlyForDeploymentPostprocessing = 0;
		};
		C27A5B1F1C99972300041C75 /* Resources */ = {
			isa = PBXResourcesBuildPhase;
			buildActionMask = 2147483647;
			files = (
			);
			runOnlyForDeploymentPostprocessing = 0;
		};
		C27A5B2A1C99972300041C75 /* Resources */ = {
			isa = PBXResourcesBuildPhase;
			buildActionMask = 2147483647;
			files = (
			);
			runOnlyForDeploymentPostprocessing = 0;
		};
/* End PBXResourcesBuildPhase section */

/* Begin PBXSourcesBuildPhase section */
		C27A5B041C99972300041C75 /* Sources */ = {
			isa = PBXSourcesBuildPhase;
			buildActionMask = 2147483647;
			files = (
				C27A5B131C99972300041C75 /* ViewController.m in Sources */,
				C27A5B101C99972300041C75 /* AppDelegate.m in Sources */,
				C27A5B0D1C99972300041C75 /* main.m in Sources */,
			);
			runOnlyForDeploymentPostprocessing = 0;
		};
		C27A5B1D1C99972300041C75 /* Sources */ = {
			isa = PBXSourcesBuildPhase;
			buildActionMask = 2147483647;
			files = (
				C27A5B261C99972300041C75 /* __hhTests.m in Sources */,
			);
			runOnlyForDeploymentPostprocessing = 0;
		};
		C27A5B281C99972300041C75 /* Sources */ = {
			isa = PBXSourcesBuildPhase;
			buildActionMask = 2147483647;
			files = (
				C27A5B311C99972300041C75 /* __hhUITests.m in Sources */,
			);
			runOnlyForDeploymentPostprocessing = 0;
		};
/* End PBXSourcesBuildPhase section */

/* Begin PBXTargetDependency section */
		C27A5B231C99972300041C75 /* PBXTargetDependency */ = {
			isa = PBXTargetDependency;
			target = C27A5B071C99972300041C75 /* 练习hh */;
			targetProxy = C27A5B221C99972300041C75 /* PBXContainerItemProxy */;
		};
		C27A5B2E1C99972300041C75 /* PBXTargetDependency */ = {
			isa = PBXTargetDependency;
			target = C27A5B071C99972300041C75 /* 练习hh */;
			targetProxy = C27A5B2D1C99972300041C75 /* PBXContainerItemProxy */;
		};
/* End PBXTargetDependency section */

/* Begin PBXVariantGroup section */
		C27A5B141C99972300041C75 /* Main.storyboard */ = {
			isa = PBXVariantGroup;
			children = (
				C27A5B151C99972300041C75 /* Base */,
			);
			name = Main.storyboard;
			sourceTree = "<group>";
		};
		C27A5B191C99972300041C75 /* LaunchScreen.storyboard */ = {
			isa = PBXVariantGroup;
			children = (
				C27A5B1A1C99972300041C75 /* Base */,
			);
			name = LaunchScreen.storyboard;
			sourceTree = "<group>";
		};
/* End PBXVariantGroup section */

/* Begin XCBuildConfiguration section */
		C27A5B331C99972300041C75 /* Debug */ = {
			isa = XCBuildConfiguration;
			buildSettings = {
				ALWAYS_SEARCH_USER_PATHS = NO;
				CLANG_CXX_LANGUAGE_STANDARD = "gnu++0x";
				CLANG_CXX_LIBRARY = "libc++";
				CLANG_ENABLE_MODULES = YES;
				CLANG_ENABLE_OBJC_ARC = YES;
				CLANG_WARN_BOOL_CONVERSION = YES;
				CLANG_WARN_CONSTANT_CONVERSION = YES;
				CLANG_WARN_DIRECT_OBJC_ISA_USAGE = YES_ERROR;
				CLANG_WARN_EMPTY_BODY = YES;
				CLANG_WARN_ENUM_CONVERSION = YES;
				CLANG_WARN_INT_CONVERSION = YES;
				CLANG_WARN_OBJC_ROOT_CLASS = YES_ERROR;
				CLANG_WARN_UNREACHABLE_CODE = YES;
				CLANG_WARN__DUPLICATE_METHOD_MATCH = YES;
				"CODE_SIGN_IDENTITY[sdk=iphoneos*]" = "iPhone Developer";
				COPY_PHASE_STRIP = NO;
				DEBUG_INFORMATION_FORMAT = dwarf;
				ENABLE_STRICT_OBJC_MSGSEND = YES;
				ENABLE_TESTABILITY = YES;
				GCC_C_LANGUAGE_STANDARD = gnu99;
				GCC_DYNAMIC_NO_PIC = NO;
				GCC_NO_COMMON_BLOCKS = YES;
				GCC_OPTIMIZATION_LEVEL = 0;
				GCC_PREPROCESSOR_DEFINITIONS = (
					"DEBUG=1",
					"$(inherited)",
				);
				GCC_WARN_64_TO_32_BIT_CONVERSION = YES;
				GCC_WARN_ABOUT_RETURN_TYPE = YES_ERROR;
				GCC_WARN_UNDECLARED_SELECTOR = YES;
				GCC_WARN_UNINITIALIZED_AUTOS = YES_AGGRESSIVE;
				GCC_WARN_UNUSED_FUNCTION = YES;
				GCC_WARN_UNUSED_VARIABLE = YES;
				IPHONEOS_DEPLOYMENT_TARGET = 9.0;
				MTL_ENABLE_DEBUG_INFO = YES;
				ONLY_ACTIVE_ARCH = YES;
				SDKROOT = iphoneos;
				TARGETED_DEVICE_FAMILY = "1,2";
			};
			name = Debug;
		};
		C27A5B341C99972300041C75 /* Release */ = {
			isa = XCBuildConfiguration;
			buildSettings = {
				ALWAYS_SEARCH_USER_PATHS = NO;
				CLANG_CXX_LANGUAGE_STANDARD = "gnu++0x";
				CLANG_CXX_LIBRARY = "libc++";
				CLANG_ENABLE_MODULES = YES;
				CLANG_ENABLE_OBJC_ARC = YES;
				CLANG_WARN_BOOL_CONVERSION = YES;
				CLANG_WARN_CONSTANT_CONVERSION = YES;
				CLANG_WARN_DIRECT_OBJC_ISA_USAGE = YES_ERROR;
				CLANG_WARN_EMPTY_BODY = YES;
				CLANG_WARN_ENUM_CONVERSION = YES;
				CLANG_WARN_INT_CONVERSION = YES;
				CLANG_WARN_OBJC_ROOT_CLASS = YES_ERROR;
				CLANG_WARN_UNREACHABLE_CODE = YES;
				CLANG_WARN__DUPLICATE_METHOD_MATCH = YES;
				"CODE_SIGN_IDENTITY[sdk=iphoneos*]" = "iPhone Developer";
				COPY_PHASE_STRIP = NO;
				DEBUG_INFORMATION_FORMAT = "dwarf-with-dsym";
				ENABLE_NS_ASSERTIONS = NO;
				ENABLE_STRICT_OBJC_MSGSEND = YES;
				GCC_C_LANGUAGE_STANDARD = gnu99;
				GCC_NO_COMMON_BLOCKS = YES;
				GCC_WARN_64_TO_32_BIT_CONVERSION = YES;
				GCC_WARN_ABOUT_RETURN_TYPE = YES_ERROR;
				GCC_WARN_UNDECLARED_SELECTOR = YES;
				GCC_WARN_UNINITIALIZED_AUTOS = YES_AGGRESSIVE;
				GCC_WARN_UNUSED_FUNCTION = YES;
				GCC_WARN_UNUSED_VARIABLE = YES;
				IPHONEOS_DEPLOYMENT_TARGET = 9.0;
				MTL_ENABLE_DEBUG_INFO = NO;
				SDKROOT = iphoneos;
				TARGETED_DEVICE_FAMILY = "1,2";
				VALIDATE_PRODUCT = YES;
			};
			name = Release;
		};
		C27A5B361C99972300041C75 /* Debug */ = {
			isa = XCBuildConfiguration;
			buildSettings = {
				ASSETCATALOG_COMPILER_APPICON_NAME = AppIcon;
				INFOPLIST_FILE = "练习hh/Info.plist";
				LD_RUNPATH_SEARCH_PATHS = "$(inherited) @executable_path/Frameworks";
				PRODUCT_BUNDLE_IDENTIFIER = "com.lanou3g.--hh";
				PRODUCT_NAME = "$(TARGET_NAME)";
			};
			name = Debug;
		};
		C27A5B371C99972300041C75 /* Release */ = {
			isa = XCBuildConfiguration;
			buildSettings = {
				ASSETCATALOG_COMPILER_APPICON_NAME = AppIcon;
				INFOPLIST_FILE = "练习hh/Info.plist";
				LD_RUNPATH_SEARCH_PATHS = "$(inherited) @executable_path/Frameworks";
				PRODUCT_BUNDLE_IDENTIFIER = "com.lanou3g.--hh";
				PRODUCT_NAME = "$(TARGET_NAME)";
			};
			name = Release;
		};
		C27A5B391C99972300041C75 /* Debug */ = {
			isa = XCBuildConfiguration;
			buildSettings = {
				BUNDLE_LOADER = "$(TEST_HOST)";
				INFOPLIST_FILE = "练习hhTests/Info.plist";
				LD_RUNPATH_SEARCH_PATHS = "$(inherited) @executable_path/Frameworks @loader_path/Frameworks";
				PRODUCT_BUNDLE_IDENTIFIER = "com.lanou3g.--hhTests";
				PRODUCT_NAME = "$(TARGET_NAME)";
				TEST_HOST = "$(BUILT_PRODUCTS_DIR)/练习hh.app/练习hh";
			};
			name = Debug;
		};
		C27A5B3A1C99972300041C75 /* Release */ = {
			isa = XCBuildConfiguration;
			buildSettings = {
				BUNDLE_LOADER = "$(TEST_HOST)";
				INFOPLIST_FILE = "练习hhTests/Info.plist";
				LD_RUNPATH_SEARCH_PATHS = "$(inherited) @executable_path/Frameworks @loader_path/Frameworks";
				PRODUCT_BUNDLE_IDENTIFIER = "com.lanou3g.--hhTests";
				PRODUCT_NAME = "$(TARGET_NAME)";
				TEST_HOST = "$(BUILT_PRODUCTS_DIR)/练习hh.app/练习hh";
			};
			name = Release;
		};
		C27A5B3C1C99972300041C75 /* Debug */ = {
			isa = XCBuildConfiguration;
			buildSettings = {
				INFOPLIST_FILE = "练习hhUITests/Info.plist";
				LD_RUNPATH_SEARCH_PATHS = "$(inherited) @executable_path/Frameworks @loader_path/Frameworks";
				PRODUCT_BUNDLE_IDENTIFIER = "com.lanou3g.--hhUITests";
				PRODUCT_NAME = "$(TARGET_NAME)";
				TEST_TARGET_NAME = "练习hh";
				USES_XCTRUNNER = YES;
			};
			name = Debug;
		};
		C27A5B3D1C99972300041C75 /* Release */ = {
			isa = XCBuildConfiguration;
			buildSettings = {
				INFOPLIST_FILE = "练习hhUITests/Info.plist";
				LD_RUNPATH_SEARCH_PATHS = "$(inherited) @executable_path/Frameworks @loader_path/Frameworks";
				PRODUCT_BUNDLE_IDENTIFIER = "com.lanou3g.--hhUITests";
				PRODUCT_NAME = "$(TARGET_NAME)";
				TEST_TARGET_NAME = "练习hh";
				USES_XCTRUNNER = YES;
			};
			name = Release;
		};
/* End XCBuildConfiguration section */

/* Begin XCConfigurationList section */
		C27A5B031C99972300041C75 /* Build configuration list for PBXProject "练习hh" */ = {
			isa = XCConfigurationList;
			buildConfigurations = (
				C27A5B331C99972300041C75 /* Debug */,
				C27A5B341C99972300041C75 /* Release */,
			);
			defaultConfigurationIsVisible = 0;
			defaultConfigurationName = Release;
		};
		C27A5B351C99972300041C75 /* Build configuration list for PBXNativeTarget "练习hh" */ = {
			isa = XCConfigurationList;
			buildConfigurations = (
				C27A5B361C99972300041C75 /* Debug */,
				C27A5B371C99972300041C75 /* Release */,
			);
			defaultConfigurationIsVisible = 0;
			defaultConfigurationName = Release;
		};
		C27A5B381C99972300041C75 /* Build configuration list for PBXNativeTarget "练习hhTests" */ = {
			isa = XCConfigurationList;
			buildConfigurations = (
				C27A5B391C99972300041C75 /* Debug */,
				C27A5B3A1C99972300041C75 /* Release */,
			);
			defaultConfigurationIsVisible = 0;
			defaultConfigurationName = Release;
		};
		C27A5B3B1C99972300041C75 /* Build configuration list for PBXNativeTarget "练习hhUITests" */ = {
			isa = XCConfigurationList;
			buildConfigurations = (
				C27A5B3C1C99972300041C75 /* Debug */,
				C27A5B3D1C99972300041C75 /* Release */,
			);
			defaultConfigurationIsVisible = 0;
			defaultConfigurationName = Release;
		};
/* End XCConfigurationList section */
	};
	rootObject = C27A5B001C99972300041C75 /* Project object */;
}
